// !$*UTF8*$!
{
	archiveVersion = 1;
	classes = {
	};
	objectVersion = 48;
	objects = {

/* Begin PBXBuildFile section */
		ED9790AB20224CC300222E16 /* AppDelegate.swift in Sources */ = {isa = PBXBuildFile; fileRef = ED9790AA20224CC300222E16 /* AppDelegate.swift */; };
		ED9790B220224CC300222E16 /* Assets.xcassets in Resources */ = {isa = PBXBuildFile; fileRef = ED9790B120224CC300222E16 /* Assets.xcassets */; };
		ED9790B520224CC300222E16 /* LaunchScreen.storyboard in Resources */ = {isa = PBXBuildFile; fileRef = ED9790B320224CC300222E16 /* LaunchScreen.storyboard */; };
		ED9790BE20224D3C00222E16 /* AddItemViewController.swift in Sources */ = {isa = PBXBuildFile; fileRef = ED9790BC20224D3C00222E16 /* AddItemViewController.swift */; };
		ED9790BF20224D3C00222E16 /* AddItemViewController.xib in Resources */ = {isa = PBXBuildFile; fileRef = ED9790BD20224D3C00222E16 /* AddItemViewController.xib */; };
		ED9790C120224D5A00222E16 /* ItemsViewController.swift in Sources */ = {isa = PBXBuildFile; fileRef = ED9790C020224D5A00222E16 /* ItemsViewController.swift */; };
		ED9790C320224DA900222E16 /* Items.swift in Sources */ = {isa = PBXBuildFile; fileRef = ED9790C220224DA900222E16 /* Items.swift */; };
/* End PBXBuildFile section */

/* Begin PBXFileReference section */
		ED9790A720224CC300222E16 /* ClosuresDelegation.app */ = {isa = PBXFileReference; explicitFileType = wrapper.application; includeInIndex = 0; path = ClosuresDelegation.app; sourceTree = BUILT_PRODUCTS_DIR; };
		ED9790AA20224CC300222E16 /* AppDelegate.swift */ = {isa = PBXFileReference; lastKnownFileType = sourcecode.swift; path = AppDelegate.swift; sourceTree = "<group>"; };
		ED9790B120224CC300222E16 /* Assets.xcassets */ = {isa = PBXFileReference; lastKnownFileType = folder.assetcatalog; path = Assets.xcassets; sourceTree = "<group>"; };
		ED9790B420224CC300222E16 /* Base */ = {isa = PBXFileReference; lastKnownFileType = file.storyboard; name = Base; path = Base.lproj/LaunchScreen.storyboard; sourceTree = "<group>"; };
		ED9790B620224CC300222E16 /* Info.plist */ = {isa = PBXFileReference; lastKnownFileType = text.plist.xml; path = Info.plist; sourceTree = "<group>"; };
		ED9790BC20224D3C00222E16 /* AddItemViewController.swift */ = {isa = PBXFileReference; lastKnownFileType = sourcecode.swift; path = AddItemViewController.swift; sourceTree = "<group>"; };
		ED9790BD20224D3C00222E16 /* AddItemViewController.xib */ = {isa = PBXFileReference; lastKnownFileType = file.xib; path = AddItemViewController.xib; sourceTree = "<group>"; };
		ED9790C020224D5A00222E16 /* ItemsViewController.swift */ = {isa = PBXFileReference; lastKnownFileType = sourcecode.swift; path = ItemsViewController.swift; sourceTree = "<group>"; };
		ED9790C220224DA900222E16 /* Items.swift */ = {isa = PBXFileReference; lastKnownFileType = sourcecode.swift; path = Items.swift; sourceTree = "<group>"; };
/* End PBXFileReference section */

/* Begin PBXFrameworksBuildPhase section */
		ED9790A420224CC300222E16 /* Frameworks */ = {
			isa = PBXFrameworksBuildPhase;
			buildActionMask = 2147483647;
			files = (
			);
			runOnlyForDeploymentPostprocessing = 0;
		};
/* End PBXFrameworksBuildPhase section */

/* Begin PBXGroup section */
		ED97909E20224CC300222E16 = {
			isa = PBXGroup;
			children = (
				ED9790A920224CC300222E16 /* ClosuresDelegation */,
				ED9790A820224CC300222E16 /* Products */,
			);
			sourceTree = "<group>";
		};
		ED9790A820224CC300222E16 /* Products */ = {
			isa = PBXGroup;
			children = (
				ED9790A720224CC300222E16 /* ClosuresDelegation.app */,
			);
			name = Products;
			sourceTree = "<group>";
		};
		ED9790A920224CC300222E16 /* ClosuresDelegation */ = {
			isa = PBXGroup;
			children = (
				ED9790AA20224CC300222E16 /* AppDelegate.swift */,
				ED9790B120224CC300222E16 /* Assets.xcassets */,
				ED9790B320224CC300222E16 /* LaunchScreen.storyboard */,
				ED9790B620224CC300222E16 /* Info.plist */,
				ED9790BC20224D3C00222E16 /* AddItemViewController.swift */,
				ED9790BD20224D3C00222E16 /* AddItemViewController.xib */,
				ED9790C020224D5A00222E16 /* ItemsViewController.swift */,
				ED9790C220224DA900222E16 /* Items.swift */,
			);
			path = ClosuresDelegation;
			sourceTree = "<group>";
		};
/* End PBXGroup section */

/* Begin PBXNativeTarget section */
		ED9790A620224CC300222E16 /* ClosuresDelegation */ = {
			isa = PBXNativeTarget;
			buildConfigurationList = ED9790B920224CC300222E16 /* Build configuration list for PBXNativeTarget "ClosuresDelegation" */;
			buildPhases = (
				ED9790A320224CC300222E16 /* Sources */,
				ED9790A420224CC300222E16 /* Frameworks */,
				ED9790A520224CC300222E16 /* Resources */,
			);
			buildRules = (
			);
			dependencies = (
			);
			name = ClosuresDelegation;
			productName = ClosuresDelegation;
			productReference = ED9790A720224CC300222E16 /* ClosuresDelegation.app */;
			productType = "com.apple.product-type.application";
		};
/* End PBXNativeTarget section */

/* Begin PBXProject section */
		ED97909F20224CC300222E16 /* Project object */ = {
			isa = PBXProject;
			attributes = {
				LastSwiftUpdateCheck = 0920;
				LastUpgradeCheck = 0920;
				ORGANIZATIONNAME = "Skander Jabouzi";
				TargetAttributes = {
					ED9790A620224CC300222E16 = {
						CreatedOnToolsVersion = 9.2;
						ProvisioningStyle = Automatic;
					};
				};
			};
			buildConfigurationList = ED9790A220224CC300222E16 /* Build configuration list for PBXProject "ClosuresDelegation" */;
			compatibilityVersion = "Xcode 8.0";
			developmentRegion = en;
			hasScannedForEncodings = 0;
			knownRegions = (
				en,
				Base,
			);
			mainGroup = ED97909E20224CC300222E16;
			productRefGroup = ED9790A820224CC300222E16 /* Products */;
			projectDirPath = "";
			projectRoot = "";
			targets = (
				ED9790A620224CC300222E16 /* ClosuresDelegation */,
			);
		};
/* End PBXProject section */

/* Begin PBXResourcesBuildPhase section */
		ED9790A520224CC300222E16 /* Resources */ = {
			isa = PBXResourcesBuildPhase;
			buildActionMask = 2147483647;
			files = (
				ED9790B520224CC300222E16 /* LaunchScreen.storyboard in Resources */,
				ED9790BF20224D3C00222E16 /* AddItemViewController.xib in Resources */,
				ED9790B220224CC300222E16 /* Assets.xcassets in Resources */,
			);
			runOnlyForDeploymentPostprocessing = 0;
		};
/* End PBXResourcesBuildPhase section */

/* Begin PBXSourcesBuildPhase section */
		ED9790A320224CC300222E16 /* Sources */ = {
			isa = PBXSourcesBuildPhase;
			buildActionMask = 2147483647;
			files = (
				ED9790C320224DA900222E16 /* Items.swift in Sources */,
				ED9790AB20224CC300222E16 /* AppDelegate.swift in Sources */,
				ED9790C120224D5A00222E16 /* ItemsViewController.swift in Sources */,
				ED9790BE20224D3C00222E16 /* AddItemViewController.swift in Sources */,
			);
			runOnlyForDeploymentPostprocessing = 0;
		};
/* End PBXSourcesBuildPhase section */

/* Begin PBXVariantGroup section */
		ED9790B320224CC300222E16 /* LaunchScreen.storyboard */ = {
			isa = PBXVariantGroup;
			children = (
				ED9790B420224CC300222E16 /* Base */,
			);
			name = LaunchScreen.storyboard;
			sourceTree = "<group>";
		};
/* End PBXVariantGroup section */

/* Begin XCBuildConfiguration section */
		ED9790B720224CC300222E16 /* Debug */ = {
			isa = XCBuildConfiguration;
			buildSettings = {
				ALWAYS_SEARCH_USER_PATHS = NO;
				CLANG_ANALYZER_NONNULL = YES;
				CLANG_ANALYZER_NUMBER_OBJECT_CONVERSION = YES_AGGRESSIVE;
				CLANG_CXX_LANGUAGE_STANDARD = "gnu++14";
				CLANG_CXX_LIBRARY = "libc++";
				CLANG_ENABLE_MODULES = YES;
				CLANG_ENABLE_OBJC_ARC = YES;
				CLANG_WARN_BLOCK_CAPTURE_AUTORELEASING = YES;
				CLANG_WARN_BOOL_CONVERSION = YES;
				CLANG_WARN_COMMA = YES;
				CLANG_WARN_CONSTANT_CONVERSION = YES;
				CLANG_WARN_DIRECT_OBJC_ISA_USAGE = YES_ERROR;
				CLANG_WARN_DOCUMENTATION_COMMENTS = YES;
				CLANG_WARN_EMPTY_BODY = YES;
				CLANG_WARN_ENUM_CONVERSION = YES;
				CLANG_WARN_INFINITE_RECURSION = YES;
				CLANG_WARN_INT_CONVERSION = YES;
				CLANG_WARN_NON_LITERAL_NULL_CONVERSION = YES;
				CLANG_WARN_OBJC_LITERAL_CONVERSION = YES;
				CLANG_WARN_OBJC_ROOT_CLASS = YES_ERROR;
				CLANG_WARN_RANGE_LOOP_ANALYSIS = YES;
				CLANG_WARN_STRICT_PROTOTYPES = YES;
				CLANG_WARN_SUSPICIOUS_MOVE = YES;
				CLANG_WARN_UNGUARDED_AVAILABILITY = YES_AGGRESSIVE;
				CLANG_WARN_UNREACHABLE_CODE = YES;
				CLANG_WARN__DUPLICATE_METHOD_MATCH = YES;
				CODE_SIGN_IDENTITY = "iPhone Developer";
				COPY_PHASE_STRIP = NO;
				DEBUG_INFORMATION_FORMAT = dwarf;
				ENABLE_STRICT_OBJC_MSGSEND = YES;
				ENABLE_TESTABILITY = YES;
				GCC_C_LANGUAGE_STANDARD = gnu11;
				GCC_DYNAMIC_NO_PIC = NO;
				GCC_NO_COMMON_BLOCKS = YES;
				GCC_OPTIMIZATION_LEVEL = 0;
				GCC_PREPROCESSOR_DEFINITIONS = (
					"DEBUG=1",
					"$(inherited)",
				);
				GCC_WARN_64_TO_32_BIT_CONVERSION = YES;
				GCC_WARN_ABOUT_RETURN_TYPE = YES_ERROR;
				GCC_WARN_UNDECLARED_SELECTOR = YES;
				GCC_WARN_UNINITIALIZED_AUTOS = YES_AGGRESSIVE;
				GCC_WARN_UNUSED_FUNCTION = YES;
				GCC_WARN_UNUSED_VARIABLE = YES;
				IPHONEOS_DEPLOYMENT_TARGET = 11.2;
				MTL_ENABLE_DEBUG_INFO = YES;
				ONLY_ACTIVE_ARCH = YES;
				SDKROOT = iphoneos;
				SWIFT_ACTIVE_COMPILATION_CONDITIONS = DEBUG;
				SWIFT_OPTIMIZATION_LEVEL = "-Onone";
			};
			name = Debug;
		};
		ED9790B820224CC300222E16 /* Release */ = {
			isa = XCBuildConfiguration;
			buildSettings = {
				ALWAYS_SEARCH_USER_PATHS = NO;
				CLANG_ANALYZER_NONNULL = YES;
				CLANG_ANALYZER_NUMBER_OBJECT_CONVERSION = YES_AGGRESSIVE;
				CLANG_CXX_LANGUAGE_STANDARD = "gnu++14";
				CLANG_CXX_LIBRARY = "libc++";
				CLANG_ENABLE_MODULES = YES;
				CLANG_ENABLE_OBJC_ARC = YES;
				CLANG_WARN_BLOCK_CAPTURE_AUTORELEASING = YES;
				CLANG_WARN_BOOL_CONVERSION = YES;
				CLANG_WARN_COMMA = YES;
				CLANG_WARN_CONSTANT_CONVERSION = YES;
				CLANG_WARN_DIRECT_OBJC_ISA_USAGE = YES_ERROR;
				CLANG_WARN_DOCUMENTATION_COMMENTS = YES;
				CLANG_WARN_EMPTY_BODY = YES;
				CLANG_WARN_ENUM_CONVERSION = YES;
				CLANG_WARN_INFINITE_RECURSION = YES;
				CLANG_WARN_INT_CONVERSION = YES;
				CLANG_WARN_NON_LITERAL_NULL_CONVERSION = YES;
				CLANG_WARN_OBJC_LITERAL_CONVERSION = YES;
				CLANG_WARN_OBJC_ROOT_CLASS = YES_ERROR;
				CLANG_WARN_RANGE_LOOP_ANALYSIS = YES;
				CLANG_WARN_STRICT_PROTOTYPES = YES;
				CLANG_WARN_SUSPICIOUS_MOVE = YES;
				CLANG_WARN_UNGUARDED_AVAILABILITY = YES_AGGRESSIVE;
				CLANG_WARN_UNREACHABLE_CODE = YES;
				CLANG_WARN__DUPLICATE_METHOD_MATCH = YES;
				CODE_SIGN_IDENTITY = "iPhone Developer";
				COPY_PHASE_STRIP = NO;
				DEBUG_INFORMATION_FORMAT = "dwarf-with-dsym";
				ENABLE_NS_ASSERTIONS = NO;
				ENABLE_STRICT_OBJC_MSGSEND = YES;
				GCC_C_LANGUAGE_STANDARD = gnu11;
				GCC_NO_COMMON_BLOCKS = YES;
				GCC_WARN_64_TO_32_BIT_CONVERSION = YES;
				GCC_WARN_ABOUT_RETURN_TYPE = YES_ERROR;
				GCC_WARN_UNDECLARED_SELECTOR = YES;
				GCC_WARN_UNINITIALIZED_AUTOS = YES_AGGRESSIVE;
				GCC_WARN_UNUSED_FUNCTION = YES;
				GCC_WARN_UNUSED_VARIABLE = YES;
				IPHONEOS_DEPLOYMENT_TARGET = 11.2;
				MTL_ENABLE_DEBUG_INFO = NO;
				SDKROOT = iphoneos;
				SWIFT_OPTIMIZATION_LEVEL = "-Owholemodule";
				VALIDATE_PRODUCT = YES;
			};
			name = Release;
		};
		ED9790BA20224CC300222E16 /* Debug */ = {
			isa = XCBuildConfiguration;
			buildSettings = {
				ASSETCATALOG_COMPILER_APPICON_NAME = AppIcon;
				CODE_SIGN_STYLE = Automatic;
				DEVELOPMENT_TEAM = 9X444WKYY5;
				INFOPLIST_FILE = ClosuresDelegation/Info.plist;
				LD_RUNPATH_SEARCH_PATHS = "$(inherited) @executable_path/Frameworks";
				PRODUCT_BUNDLE_IDENTIFIER = com.skanderjabouzi.ClosuresDelegation;
				PRODUCT_NAME = "$(TARGET_NAME)";
				SWIFT_VERSION = 4.0;
				TARGETED_DEVICE_FAMILY = "1,2";
			};
			name = Debug;
		};
		ED9790BB20224CC300222E16 /* Release */ = {
			isa = XCBuildConfiguration;
			buildSettings = {
				ASSETCATALOG_COMPILER_APPICON_NAME = AppIcon;
				CODE_SIGN_STYLE = Automatic;
				DEVELOPMENT_TEAM = 9X444WKYY5;
				INFOPLIST_FILE = ClosuresDelegation/Info.plist;
				LD_RUNPATH_SEARCH_PATHS = "$(inherited) @executable_path/Frameworks";
				PRODUCT_BUNDLE_IDENTIFIER = com.skanderjabouzi.ClosuresDelegation;
				PRODUCT_NAME = "$(TARGET_NAME)";
				SWIFT_VERSION = 4.0;
				TARGETED_DEVICE_FAMILY = "1,2";
			};
			name = Release;
		};
/* End XCBuildConfiguration section */

/* Begin XCConfigurationList section */
		ED9790A220224CC300222E16 /* Build configuration list for PBXProject "ClosuresDelegation" */ = {
			isa = XCConfigurationList;
			buildConfigurations = (
				ED9790B720224CC300222E16 /* Debug */,
				ED9790B820224CC300222E16 /* Release */,
			);
			defaultConfigurationIsVisible = 0;
			defaultConfigurationName = Release;
		};
		ED9790B920224CC300222E16 /* Build configuration list for PBXNativeTarget "ClosuresDelegation" */ = {
			isa = XCConfigurationList;
			buildConfigurations = (
				ED9790BA20224CC300222E16 /* Debug */,
				ED9790BB20224CC300222E16 /* Release */,
			);
			defaultConfigurationIsVisible = 0;
			defaultConfigurationName = Release;
		};
/* End XCConfigurationList section */
	};
	rootObject = ED97909F20224CC300222E16 /* Project object */;
}
